
Microsoft Visual Studio Solution File, Format Version 12.00
# Visual Studio Version 16
VisualStudioVersion = 16.0.33529.622
MinimumVisualStudioVersion = 10.0.40219.1
Project("{FAE04EC0-301F-11D3-BF4B-00C04F79EFBC}") = "doan_vxl", "doan_vxl.csproj", "{BE5BDFEB-4A37-47C6-AE9C-21D2EDF77F8A}"
EndProject
Global
	GlobalSection(SolutionConfigurationPlatforms) = preSolution
		Debug|Any CPU = Debug|Any CPU
		Release|Any CPU = Release|Any CPU
	EndGlobalSection
	GlobalSection(ProjectConfigurationPlatforms) = postSolution
		{BE5BDFEB-4A37-47C6-AE9C-21D2EDF77F8A}.Debug|Any CPU.ActiveCfg = Debug|Any CPU
		{BE5BDFEB-4A37-47C6-AE9C-21D2EDF77F8A}.Debug|Any CPU.Build.0 = Debug|Any CPU
		{BE5BDFEB-4A37-47C6-AE9C-21D2EDF77F8A}.Release|Any CPU.ActiveCfg = Release|Any CPU
		{BE5BDFEB-4A37-47C6-AE9C-21D2EDF77F8A}.Release|Any CPU.Build.0 = Release|Any CPU
	EndGlobalSection
	GlobalSection(SolutionProperties) = preSolution
		HideSolutionNode = FALSE
	EndGlobalSection
	GlobalSection(ExtensibilityGlobals) = postSolution
		SolutionGuid = {C58D74C6-783A-43EE-93F2-26149C9F8588}
	EndGlobalSection
EndGlobal
